// !$*UTF8*$!
{
	archiveVersion = 1;
	classes = {
	};
	objectVersion = 51;
	objects = {

/* Begin PBXBuildFile section */
		03205480209BACD7A8D52AD9 /* LoginViewController.swift in Sources */ = {isa = PBXBuildFile; fileRef = 062D9CED5F114F728238E5BE /* LoginViewController.swift */; };
		0C394EE8711769E9C7C90936 /* RouteMapViewController.swift in Sources */ = {isa = PBXBuildFile; fileRef = EEADDEDFDD5BD908AF785E5A /* RouteMapViewController.swift */; };
		18B8872CA0B0BBB90C7840FC /* PointOfSaleConfigurator.swift in Sources */ = {isa = PBXBuildFile; fileRef = 3C1CF860B186A8DDFDCAEE7F /* PointOfSaleConfigurator.swift */; };
		2414A71922BCBF706AB29A45 /* RouteMapRouterImpl.swift in Sources */ = {isa = PBXBuildFile; fileRef = A1AEC5D99F8137321C20898F /* RouteMapRouterImpl.swift */; };
		25AF5C89D5E8377543CD67C8 /* PointOfSaleListInitializer.swift in Sources */ = {isa = PBXBuildFile; fileRef = 3466165B88704474C3B42443 /* PointOfSaleListInitializer.swift */; };
		2881DD6FA0E74F4684F2EAD4 /* LoginRouter.swift in Sources */ = {isa = PBXBuildFile; fileRef = 346F7D4CDA427EEF412DA4DA /* LoginRouter.swift */; };
		2884DBA8D4A7D30E24F95D74 /* PointOfSalePresenter.swift in Sources */ = {isa = PBXBuildFile; fileRef = EF0FE77ABF94FA5E13153F1E /* PointOfSalePresenter.swift */; };
		28F7447AB1225D94B3CB5933 /* PointOfSaleListConfigurator.swift in Sources */ = {isa = PBXBuildFile; fileRef = 8FCA09B6E4FBBB57BA2DB2CE /* PointOfSaleListConfigurator.swift */; };
		3203BEB7212B813B2F36A45E /* LoginConfigurator.swift in Sources */ = {isa = PBXBuildFile; fileRef = 35635835F713255F85CA39BA /* LoginConfigurator.swift */; };
		3318A9CACF47D330F94DC030 /* PointOfSaleListRouterImpl.swift in Sources */ = {isa = PBXBuildFile; fileRef = A788B5FAEDA120FEE8906A84 /* PointOfSaleListRouterImpl.swift */; };
		3D974D4D72765D4ED5C79349 /* PointOfSaleViewController.swift in Sources */ = {isa = PBXBuildFile; fileRef = E21DC2EE07DC2C3192FCA215 /* PointOfSaleViewController.swift */; };
		4D312427AD681123FBBBE294 /* RouteMapRouter.swift in Sources */ = {isa = PBXBuildFile; fileRef = 84F45201E1480B4CC02F5D2D /* RouteMapRouter.swift */; };
		4FECDADB94A712FD5BAC9826 /* RouteMapViewInput.swift in Sources */ = {isa = PBXBuildFile; fileRef = 839E2E5840D837416B26B69F /* RouteMapViewInput.swift */; };
		53A08655B1DB261C7B5FB4F7 /* LoginViewInput.swift in Sources */ = {isa = PBXBuildFile; fileRef = 624DEBEEF0C9F60F950B08F2 /* LoginViewInput.swift */; };
		56C9A0AC39B0BDB620272B9C /* PointOfSaleListPresenter.swift in Sources */ = {isa = PBXBuildFile; fileRef = 1EA040564EF4C090D902B3E2 /* PointOfSaleListPresenter.swift */; };
		56CB5F771E1B068B9DA9045D /* RouteMapModuleInput.swift in Sources */ = {isa = PBXBuildFile; fileRef = 38C3CAB5197F2CB671A53678 /* RouteMapModuleInput.swift */; };
		5F419B476F4813978E6511D0 /* PointOfSaleListViewController.swift in Sources */ = {isa = PBXBuildFile; fileRef = 3AE10C3BA31AFE8C01B00416 /* PointOfSaleListViewController.swift */; };
		63461D44DA2DFD716A769280 /* PointOfSaleListViewOutput.swift in Sources */ = {isa = PBXBuildFile; fileRef = B9F2C403952B140483E24BDB /* PointOfSaleListViewOutput.swift */; };
		6B667B579533537532C55536 /* LoginRouterImpl.swift in Sources */ = {isa = PBXBuildFile; fileRef = 2406C4969FC53282675837F2 /* LoginRouterImpl.swift */; };
		6C0FDA0324E92BB50081AE3D /* ProductDaoImpl.swift in Sources */ = {isa = PBXBuildFile; fileRef = 6C0FDA0224E92BB50081AE3D /* ProductDaoImpl.swift */; };
		6C0FDA0524E92CFA0081AE3D /* CoraDataManager.swift in Sources */ = {isa = PBXBuildFile; fileRef = 6C0FDA0424E92CFA0081AE3D /* CoraDataManager.swift */; };
		6C0FDA0924E976BB0081AE3D /* PosDaoImpl.swift in Sources */ = {isa = PBXBuildFile; fileRef = 6C0FDA0824E976BB0081AE3D /* PosDaoImpl.swift */; };
		6C0FDA0B24E992AE0081AE3D /* VisitDaoImpl.swift in Sources */ = {isa = PBXBuildFile; fileRef = 6C0FDA0A24E992AE0081AE3D /* VisitDaoImpl.swift */; };
		6C0FDA0D24E999A30081AE3D /* CoraMapper.swift in Sources */ = {isa = PBXBuildFile; fileRef = 6C0FDA0C24E999A30081AE3D /* CoraMapper.swift */; };
		6C42C34424E149F40091A9FE /* PointOfSaleCell.swift in Sources */ = {isa = PBXBuildFile; fileRef = 6C42C34324E149F40091A9FE /* PointOfSaleCell.swift */; };
		6C42C34624E14E8F0091A9FE /* POSViewModel.swift in Sources */ = {isa = PBXBuildFile; fileRef = 6C42C34524E14E8F0091A9FE /* POSViewModel.swift */; };
		6C42C34A24E314DF0091A9FE /* VendRoute.xcdatamodeld in Sources */ = {isa = PBXBuildFile; fileRef = 6C42C34824E314DF0091A9FE /* VendRoute.xcdatamodeld */; };
		6C42C35024E31A030091A9FE /* PosDao.swift in Sources */ = {isa = PBXBuildFile; fileRef = 6C42C34F24E31A030091A9FE /* PosDao.swift */; };
		6C42C35224E31AA10091A9FE /* VisitDao.swift in Sources */ = {isa = PBXBuildFile; fileRef = 6C42C35124E31AA10091A9FE /* VisitDao.swift */; };
		6C42C35424E31C9F0091A9FE /* ProductDao.swift in Sources */ = {isa = PBXBuildFile; fileRef = 6C42C35324E31C9F0091A9FE /* ProductDao.swift */; };
		6C62F9FC24CFF7D9003CEAEB /* AppSettings.swift in Sources */ = {isa = PBXBuildFile; fileRef = 6C62F9FB24CFF7D9003CEAEB /* AppSettings.swift */; };
		6C62F9FE24CFFA08003CEAEB /* DataAsm.swift in Sources */ = {isa = PBXBuildFile; fileRef = 6C62F9FD24CFFA08003CEAEB /* DataAsm.swift */; };
		6C62FA0124CFFA57003CEAEB /* DataAsmProd.swift in Sources */ = {isa = PBXBuildFile; fileRef = 6C62FA0024CFFA57003CEAEB /* DataAsmProd.swift */; };
		6C62FA0724D1B694003CEAEB /* Adress.swift in Sources */ = {isa = PBXBuildFile; fileRef = 6C62FA0624D1B694003CEAEB /* Adress.swift */; };
		6C62FA0924D1B772003CEAEB /* Visit.swift in Sources */ = {isa = PBXBuildFile; fileRef = 6C62FA0824D1B772003CEAEB /* Visit.swift */; };
		6C62FA0B24D1B7C8003CEAEB /* Product.swift in Sources */ = {isa = PBXBuildFile; fileRef = 6C62FA0A24D1B7C8003CEAEB /* Product.swift */; };
		6C62FA0D24D1B83F003CEAEB /* Measure.swift in Sources */ = {isa = PBXBuildFile; fileRef = 6C62FA0C24D1B83F003CEAEB /* Measure.swift */; };
		6C62FA0F24D1BAD3003CEAEB /* PointOfSale.swift in Sources */ = {isa = PBXBuildFile; fileRef = 6C62FA0E24D1BAD3003CEAEB /* PointOfSale.swift */; };
		6CE301DF24177ECB0023E5CE /* AppDelegate.swift in Sources */ = {isa = PBXBuildFile; fileRef = 6CE301DE24177ECB0023E5CE /* AppDelegate.swift */; };
		6CE301E324177ECB0023E5CE /* ViewController.swift in Sources */ = {isa = PBXBuildFile; fileRef = 6CE301E224177ECB0023E5CE /* ViewController.swift */; };
		6CE301E624177ECB0023E5CE /* Main.storyboard in Resources */ = {isa = PBXBuildFile; fileRef = 6CE301E424177ECB0023E5CE /* Main.storyboard */; };
		6CE301E824177ECF0023E5CE /* Assets.xcassets in Resources */ = {isa = PBXBuildFile; fileRef = 6CE301E724177ECF0023E5CE /* Assets.xcassets */; };
		6CE301EB24177ECF0023E5CE /* LaunchScreen.storyboard in Resources */ = {isa = PBXBuildFile; fileRef = 6CE301E924177ECF0023E5CE /* LaunchScreen.storyboard */; };
		6CE301F42417D19C0023E5CE /* Container.swift in Sources */ = {isa = PBXBuildFile; fileRef = 6CE301F32417D19C0023E5CE /* Container.swift */; };
		6CE301F62417D8D10023E5CE /* PresentationAsm.swift in Sources */ = {isa = PBXBuildFile; fileRef = 6CE301F52417D8D10023E5CE /* PresentationAsm.swift */; };
		6CE301F82417D9EF0023E5CE /* PresentationAsmProd.swift in Sources */ = {isa = PBXBuildFile; fileRef = 6CE301F72417D9EF0023E5CE /* PresentationAsmProd.swift */; };
		6CE301FB2418F7A00023E5CE /* TransitionAdapter.swift in Sources */ = {isa = PBXBuildFile; fileRef = 6CE301FA2418F7A00023E5CE /* TransitionAdapter.swift */; };
		6CFB248424F3D19700FFCE32 /* UnderlinedTextField.swift in Sources */ = {isa = PBXBuildFile; fileRef = 6CFB248324F3D19700FFCE32 /* UnderlinedTextField.swift */; };
		6CFB248624F3D1A800FFCE32 /* CheckBox.swift in Sources */ = {isa = PBXBuildFile; fileRef = 6CFB248524F3D1A800FFCE32 /* CheckBox.swift */; };
		6CFB248824F3D8B500FFCE32 /* PosDetailViewModel.swift in Sources */ = {isa = PBXBuildFile; fileRef = 6CFB248724F3D8B500FFCE32 /* PosDetailViewModel.swift */; };
		7619287419F075B180D8B498 /* LoginPresenter.swift in Sources */ = {isa = PBXBuildFile; fileRef = 26DC294211FEED8914F7F6BB /* LoginPresenter.swift */; };
		7ABE07E446755B11CAFD098F /* RouteMapConfigurator.swift in Sources */ = {isa = PBXBuildFile; fileRef = D8E67D240C9B733528FC3339 /* RouteMapConfigurator.swift */; };
		89378444D6E5D7A7946E5963 /* Pods_VendRoute.framework in Frameworks */ = {isa = PBXBuildFile; fileRef = 49BD1F8770A458D898DD3409 /* Pods_VendRoute.framework */; };
		96A0521CE3C27D2B3129F774 /* PointOfSaleListRouter.swift in Sources */ = {isa = PBXBuildFile; fileRef = 5CB2F84C87E6C4F87535975B /* PointOfSaleListRouter.swift */; };
		96B25068241417E994C4FB13 /* PointOfSaleRouterImpl.swift in Sources */ = {isa = PBXBuildFile; fileRef = 53A92A2881D65290F5DFDDC0 /* PointOfSaleRouterImpl.swift */; };
		98FA95E80816523AE1B9C7C8 /* Login.storyboard in Resources */ = {isa = PBXBuildFile; fileRef = 0A6E807B7B18F0EE7A490D2E /* Login.storyboard */; };
		9FD06A4BBF01007165A9BF70 /* RouteMapPresenter.swift in Sources */ = {isa = PBXBuildFile; fileRef = BFF7CF89203DBFC8BE5ADDCA /* RouteMapPresenter.swift */; };
		A0BDD9553C45C340FF136455 /* LoginInitializer.swift in Sources */ = {isa = PBXBuildFile; fileRef = 38D06E78712E33AA8C40B62F /* LoginInitializer.swift */; };
		A10D2BBE1587B7B9F93D8AD6 /* PointOfSaleListModuleInput.swift in Sources */ = {isa = PBXBuildFile; fileRef = 712CEFB3942971B406B37957 /* PointOfSaleListModuleInput.swift */; };
		A944476B3D023B25CF776E38 /* PointOfSale.storyboard in Resources */ = {isa = PBXBuildFile; fileRef = A0DA346988C870C1D43F6700 /* PointOfSale.storyboard */; };
		ABA9111F3DE7906669D19DA1 /* RouteMapInitializer.swift in Sources */ = {isa = PBXBuildFile; fileRef = 8DAEFE17ED6BC77608DB9248 /* RouteMapInitializer.swift */; };
		AF0D1DD96AF33AE1B24F3F82 /* PointOfSaleInitializer.swift in Sources */ = {isa = PBXBuildFile; fileRef = 78EE64B5E538F979E85418FA /* PointOfSaleInitializer.swift */; };
		B521B4C4A3CF4BFE3D54D6F8 /* RouteMap.storyboard in Resources */ = {isa = PBXBuildFile; fileRef = 1B5E8EA1F48D877903ED5A3E /* RouteMap.storyboard */; };
		B9056CCEEBB67306D12B262D /* PointOfSaleModuleInput.swift in Sources */ = {isa = PBXBuildFile; fileRef = 9D7F29DD7968DCC417C7AFF0 /* PointOfSaleModuleInput.swift */; };
		C4501C962D25F5286F33FB8F /* LoginViewOutput.swift in Sources */ = {isa = PBXBuildFile; fileRef = 4CDE6C03E3BA0C6689676387 /* LoginViewOutput.swift */; };
		C8B379C3BB776F12DBB211E5 /* PointOfSaleRouter.swift in Sources */ = {isa = PBXBuildFile; fileRef = 5EA3B7C65E15B9BDC0462E0A /* PointOfSaleRouter.swift */; };
		D672A8DF36AA6992E27F35C3 /* PointOfSaleListViewInput.swift in Sources */ = {isa = PBXBuildFile; fileRef = 46D9C8273D07667EC1640884 /* PointOfSaleListViewInput.swift */; };
		D97EB03A18B0CCD7E447B799 /* LoginModuleInput.swift in Sources */ = {isa = PBXBuildFile; fileRef = 310C021A49EFFB09A0F2D1F7 /* LoginModuleInput.swift */; };
		DE813A382E2C53C9D5438CE1 /* PointOfSaleList.storyboard in Resources */ = {isa = PBXBuildFile; fileRef = 5C1FFAA4196672AC14146C28 /* PointOfSaleList.storyboard */; };
		E07BCAA94E08221D5024ECFA /* PointOfSaleViewOutput.swift in Sources */ = {isa = PBXBuildFile; fileRef = 05CAF0C5178CD1AD71CA38AA /* PointOfSaleViewOutput.swift */; };
		F00101E31263F80B810CC9BA /* PointOfSaleViewInput.swift in Sources */ = {isa = PBXBuildFile; fileRef = FFB160DCA977C3EA40444422 /* PointOfSaleViewInput.swift */; };
		F36DEE2E83C62249F4B6980F /* RouteMapViewOutput.swift in Sources */ = {isa = PBXBuildFile; fileRef = D074A847588386A221945280 /* RouteMapViewOutput.swift */; };
/* End PBXBuildFile section */

/* Begin PBXFileReference section */
		05CAF0C5178CD1AD71CA38AA /* PointOfSaleViewOutput.swift */ = {isa = PBXFileReference; includeInIndex = 1; lastKnownFileType = sourcecode.swift; path = PointOfSaleViewOutput.swift; sourceTree = "<group>"; };
		062D9CED5F114F728238E5BE /* LoginViewController.swift */ = {isa = PBXFileReference; includeInIndex = 1; lastKnownFileType = sourcecode.swift; path = LoginViewController.swift; sourceTree = "<group>"; };
		0A6E807B7B18F0EE7A490D2E /* Login.storyboard */ = {isa = PBXFileReference; includeInIndex = 1; lastKnownFileType = file.storyboard; path = Login.storyboard; sourceTree = "<group>"; };
		1B5E8EA1F48D877903ED5A3E /* RouteMap.storyboard */ = {isa = PBXFileReference; includeInIndex = 1; lastKnownFileType = file.storyboard; path = RouteMap.storyboard; sourceTree = "<group>"; };
		1EA040564EF4C090D902B3E2 /* PointOfSaleListPresenter.swift */ = {isa = PBXFileReference; includeInIndex = 1; lastKnownFileType = sourcecode.swift; path = PointOfSaleListPresenter.swift; sourceTree = "<group>"; };
		2406C4969FC53282675837F2 /* LoginRouterImpl.swift */ = {isa = PBXFileReference; includeInIndex = 1; lastKnownFileType = sourcecode.swift; path = LoginRouterImpl.swift; sourceTree = "<group>"; };
		26DC294211FEED8914F7F6BB /* LoginPresenter.swift */ = {isa = PBXFileReference; includeInIndex = 1; lastKnownFileType = sourcecode.swift; path = LoginPresenter.swift; sourceTree = "<group>"; };
		310C021A49EFFB09A0F2D1F7 /* LoginModuleInput.swift */ = {isa = PBXFileReference; includeInIndex = 1; lastKnownFileType = sourcecode.swift; path = LoginModuleInput.swift; sourceTree = "<group>"; };
		3466165B88704474C3B42443 /* PointOfSaleListInitializer.swift */ = {isa = PBXFileReference; includeInIndex = 1; lastKnownFileType = sourcecode.swift; path = PointOfSaleListInitializer.swift; sourceTree = "<group>"; };
		346F7D4CDA427EEF412DA4DA /* LoginRouter.swift */ = {isa = PBXFileReference; includeInIndex = 1; lastKnownFileType = sourcecode.swift; path = LoginRouter.swift; sourceTree = "<group>"; };
		35635835F713255F85CA39BA /* LoginConfigurator.swift */ = {isa = PBXFileReference; includeInIndex = 1; lastKnownFileType = sourcecode.swift; path = LoginConfigurator.swift; sourceTree = "<group>"; };
		38C3CAB5197F2CB671A53678 /* RouteMapModuleInput.swift */ = {isa = PBXFileReference; includeInIndex = 1; lastKnownFileType = sourcecode.swift; path = RouteMapModuleInput.swift; sourceTree = "<group>"; };
		38D06E78712E33AA8C40B62F /* LoginInitializer.swift */ = {isa = PBXFileReference; includeInIndex = 1; lastKnownFileType = sourcecode.swift; path = LoginInitializer.swift; sourceTree = "<group>"; };
		3AE10C3BA31AFE8C01B00416 /* PointOfSaleListViewController.swift */ = {isa = PBXFileReference; includeInIndex = 1; lastKnownFileType = sourcecode.swift; path = PointOfSaleListViewController.swift; sourceTree = "<group>"; };
		3C1CF860B186A8DDFDCAEE7F /* PointOfSaleConfigurator.swift */ = {isa = PBXFileReference; includeInIndex = 1; lastKnownFileType = sourcecode.swift; path = PointOfSaleConfigurator.swift; sourceTree = "<group>"; };
		46D9C8273D07667EC1640884 /* PointOfSaleListViewInput.swift */ = {isa = PBXFileReference; includeInIndex = 1; lastKnownFileType = sourcecode.swift; path = PointOfSaleListViewInput.swift; sourceTree = "<group>"; };
		49BD1F8770A458D898DD3409 /* Pods_VendRoute.framework */ = {isa = PBXFileReference; explicitFileType = wrapper.framework; includeInIndex = 0; path = Pods_VendRoute.framework; sourceTree = BUILT_PRODUCTS_DIR; };
		4CDE6C03E3BA0C6689676387 /* LoginViewOutput.swift */ = {isa = PBXFileReference; includeInIndex = 1; lastKnownFileType = sourcecode.swift; path = LoginViewOutput.swift; sourceTree = "<group>"; };
		4E6B2ADFAA2BD7B2516E92D1 /* Pods-VendRoute.release.xcconfig */ = {isa = PBXFileReference; includeInIndex = 1; lastKnownFileType = text.xcconfig; name = "Pods-VendRoute.release.xcconfig"; path = "Target Support Files/Pods-VendRoute/Pods-VendRoute.release.xcconfig"; sourceTree = "<group>"; };
		53A92A2881D65290F5DFDDC0 /* PointOfSaleRouterImpl.swift */ = {isa = PBXFileReference; includeInIndex = 1; lastKnownFileType = sourcecode.swift; path = PointOfSaleRouterImpl.swift; sourceTree = "<group>"; };
		5C1FFAA4196672AC14146C28 /* PointOfSaleList.storyboard */ = {isa = PBXFileReference; includeInIndex = 1; lastKnownFileType = file.storyboard; path = PointOfSaleList.storyboard; sourceTree = "<group>"; };
		5CB2F84C87E6C4F87535975B /* PointOfSaleListRouter.swift */ = {isa = PBXFileReference; includeInIndex = 1; lastKnownFileType = sourcecode.swift; path = PointOfSaleListRouter.swift; sourceTree = "<group>"; };
		5EA3B7C65E15B9BDC0462E0A /* PointOfSaleRouter.swift */ = {isa = PBXFileReference; includeInIndex = 1; lastKnownFileType = sourcecode.swift; path = PointOfSaleRouter.swift; sourceTree = "<group>"; };
		624DEBEEF0C9F60F950B08F2 /* LoginViewInput.swift */ = {isa = PBXFileReference; includeInIndex = 1; lastKnownFileType = sourcecode.swift; path = LoginViewInput.swift; sourceTree = "<group>"; };
		6C0FDA0224E92BB50081AE3D /* ProductDaoImpl.swift */ = {isa = PBXFileReference; lastKnownFileType = sourcecode.swift; path = ProductDaoImpl.swift; sourceTree = "<group>"; };
		6C0FDA0424E92CFA0081AE3D /* CoraDataManager.swift */ = {isa = PBXFileReference; fileEncoding = 4; lastKnownFileType = sourcecode.swift; path = CoraDataManager.swift; sourceTree = "<group>"; };
		6C0FDA0824E976BB0081AE3D /* PosDaoImpl.swift */ = {isa = PBXFileReference; lastKnownFileType = sourcecode.swift; path = PosDaoImpl.swift; sourceTree = "<group>"; };
		6C0FDA0A24E992AE0081AE3D /* VisitDaoImpl.swift */ = {isa = PBXFileReference; lastKnownFileType = sourcecode.swift; path = VisitDaoImpl.swift; sourceTree = "<group>"; };
		6C0FDA0C24E999A30081AE3D /* CoraMapper.swift */ = {isa = PBXFileReference; lastKnownFileType = sourcecode.swift; path = CoraMapper.swift; sourceTree = "<group>"; };
		6C42C34324E149F40091A9FE /* PointOfSaleCell.swift */ = {isa = PBXFileReference; lastKnownFileType = sourcecode.swift; path = PointOfSaleCell.swift; sourceTree = "<group>"; };
		6C42C34524E14E8F0091A9FE /* POSViewModel.swift */ = {isa = PBXFileReference; lastKnownFileType = sourcecode.swift; path = POSViewModel.swift; sourceTree = "<group>"; };
		6C42C34924E314DF0091A9FE /* VendRoute.xcdatamodel */ = {isa = PBXFileReference; lastKnownFileType = wrapper.xcdatamodel; path = VendRoute.xcdatamodel; sourceTree = "<group>"; };
		6C42C34F24E31A030091A9FE /* PosDao.swift */ = {isa = PBXFileReference; lastKnownFileType = sourcecode.swift; path = PosDao.swift; sourceTree = "<group>"; };
		6C42C35124E31AA10091A9FE /* VisitDao.swift */ = {isa = PBXFileReference; lastKnownFileType = sourcecode.swift; path = VisitDao.swift; sourceTree = "<group>"; };
		6C42C35324E31C9F0091A9FE /* ProductDao.swift */ = {isa = PBXFileReference; lastKnownFileType = sourcecode.swift; path = ProductDao.swift; sourceTree = "<group>"; };
		6C62F9FB24CFF7D9003CEAEB /* AppSettings.swift */ = {isa = PBXFileReference; lastKnownFileType = sourcecode.swift; path = AppSettings.swift; sourceTree = "<group>"; };
		6C62F9FD24CFFA08003CEAEB /* DataAsm.swift */ = {isa = PBXFileReference; lastKnownFileType = sourcecode.swift; path = DataAsm.swift; sourceTree = "<group>"; };
		6C62FA0024CFFA57003CEAEB /* DataAsmProd.swift */ = {isa = PBXFileReference; lastKnownFileType = sourcecode.swift; path = DataAsmProd.swift; sourceTree = "<group>"; };
		6C62FA0624D1B694003CEAEB /* Adress.swift */ = {isa = PBXFileReference; lastKnownFileType = sourcecode.swift; path = Adress.swift; sourceTree = "<group>"; };
		6C62FA0824D1B772003CEAEB /* Visit.swift */ = {isa = PBXFileReference; lastKnownFileType = sourcecode.swift; path = Visit.swift; sourceTree = "<group>"; };
		6C62FA0A24D1B7C8003CEAEB /* Product.swift */ = {isa = PBXFileReference; lastKnownFileType = sourcecode.swift; path = Product.swift; sourceTree = "<group>"; };
		6C62FA0C24D1B83F003CEAEB /* Measure.swift */ = {isa = PBXFileReference; lastKnownFileType = sourcecode.swift; path = Measure.swift; sourceTree = "<group>"; };
		6C62FA0E24D1BAD3003CEAEB /* PointOfSale.swift */ = {isa = PBXFileReference; lastKnownFileType = sourcecode.swift; path = PointOfSale.swift; sourceTree = "<group>"; };
		6CE301DB24177ECB0023E5CE /* VendRoute.app */ = {isa = PBXFileReference; explicitFileType = wrapper.application; includeInIndex = 0; path = VendRoute.app; sourceTree = BUILT_PRODUCTS_DIR; };
		6CE301DE24177ECB0023E5CE /* AppDelegate.swift */ = {isa = PBXFileReference; lastKnownFileType = sourcecode.swift; path = AppDelegate.swift; sourceTree = "<group>"; };
		6CE301E224177ECB0023E5CE /* ViewController.swift */ = {isa = PBXFileReference; lastKnownFileType = sourcecode.swift; path = ViewController.swift; sourceTree = "<group>"; };
		6CE301E524177ECB0023E5CE /* Base */ = {isa = PBXFileReference; lastKnownFileType = file.storyboard; name = Base; path = Base.lproj/Main.storyboard; sourceTree = "<group>"; };
		6CE301E724177ECF0023E5CE /* Assets.xcassets */ = {isa = PBXFileReference; lastKnownFileType = folder.assetcatalog; path = Assets.xcassets; sourceTree = "<group>"; };
		6CE301EA24177ECF0023E5CE /* Base */ = {isa = PBXFileReference; lastKnownFileType = file.storyboard; name = Base; path = Base.lproj/LaunchScreen.storyboard; sourceTree = "<group>"; };
		6CE301EC24177ECF0023E5CE /* Info.plist */ = {isa = PBXFileReference; lastKnownFileType = text.plist.xml; path = Info.plist; sourceTree = "<group>"; };
		6CE301F32417D19C0023E5CE /* Container.swift */ = {isa = PBXFileReference; lastKnownFileType = sourcecode.swift; path = Container.swift; sourceTree = "<group>"; };
		6CE301F52417D8D10023E5CE /* PresentationAsm.swift */ = {isa = PBXFileReference; lastKnownFileType = sourcecode.swift; path = PresentationAsm.swift; sourceTree = "<group>"; };
		6CE301F72417D9EF0023E5CE /* PresentationAsmProd.swift */ = {isa = PBXFileReference; lastKnownFileType = sourcecode.swift; path = PresentationAsmProd.swift; sourceTree = "<group>"; };
		6CE301FA2418F7A00023E5CE /* TransitionAdapter.swift */ = {isa = PBXFileReference; fileEncoding = 4; lastKnownFileType = sourcecode.swift; path = TransitionAdapter.swift; sourceTree = "<group>"; };
		6CFB248324F3D19700FFCE32 /* UnderlinedTextField.swift */ = {isa = PBXFileReference; fileEncoding = 4; lastKnownFileType = sourcecode.swift; path = UnderlinedTextField.swift; sourceTree = "<group>"; };
		6CFB248524F3D1A800FFCE32 /* CheckBox.swift */ = {isa = PBXFileReference; fileEncoding = 4; lastKnownFileType = sourcecode.swift; path = CheckBox.swift; sourceTree = "<group>"; };
		6CFB248724F3D8B500FFCE32 /* PosDetailViewModel.swift */ = {isa = PBXFileReference; lastKnownFileType = sourcecode.swift; path = PosDetailViewModel.swift; sourceTree = "<group>"; };
		712CEFB3942971B406B37957 /* PointOfSaleListModuleInput.swift */ = {isa = PBXFileReference; includeInIndex = 1; lastKnownFileType = sourcecode.swift; path = PointOfSaleListModuleInput.swift; sourceTree = "<group>"; };
		78EE64B5E538F979E85418FA /* PointOfSaleInitializer.swift */ = {isa = PBXFileReference; includeInIndex = 1; lastKnownFileType = sourcecode.swift; path = PointOfSaleInitializer.swift; sourceTree = "<group>"; };
		839E2E5840D837416B26B69F /* RouteMapViewInput.swift */ = {isa = PBXFileReference; includeInIndex = 1; lastKnownFileType = sourcecode.swift; path = RouteMapViewInput.swift; sourceTree = "<group>"; };
		84F45201E1480B4CC02F5D2D /* RouteMapRouter.swift */ = {isa = PBXFileReference; includeInIndex = 1; lastKnownFileType = sourcecode.swift; path = RouteMapRouter.swift; sourceTree = "<group>"; };
		8DAEFE17ED6BC77608DB9248 /* RouteMapInitializer.swift */ = {isa = PBXFileReference; includeInIndex = 1; lastKnownFileType = sourcecode.swift; path = RouteMapInitializer.swift; sourceTree = "<group>"; };
		8FCA09B6E4FBBB57BA2DB2CE /* PointOfSaleListConfigurator.swift */ = {isa = PBXFileReference; includeInIndex = 1; lastKnownFileType = sourcecode.swift; path = PointOfSaleListConfigurator.swift; sourceTree = "<group>"; };
		9D7F29DD7968DCC417C7AFF0 /* PointOfSaleModuleInput.swift */ = {isa = PBXFileReference; includeInIndex = 1; lastKnownFileType = sourcecode.swift; path = PointOfSaleModuleInput.swift; sourceTree = "<group>"; };
		A0DA346988C870C1D43F6700 /* PointOfSale.storyboard */ = {isa = PBXFileReference; includeInIndex = 1; lastKnownFileType = file.storyboard; path = PointOfSale.storyboard; sourceTree = "<group>"; };
		A1AEC5D99F8137321C20898F /* RouteMapRouterImpl.swift */ = {isa = PBXFileReference; includeInIndex = 1; lastKnownFileType = sourcecode.swift; path = RouteMapRouterImpl.swift; sourceTree = "<group>"; };
		A788B5FAEDA120FEE8906A84 /* PointOfSaleListRouterImpl.swift */ = {isa = PBXFileReference; includeInIndex = 1; lastKnownFileType = sourcecode.swift; path = PointOfSaleListRouterImpl.swift; sourceTree = "<group>"; };
		AF19D589EF95AF71EA017A9E /* Pods-VendRoute.debug.xcconfig */ = {isa = PBXFileReference; includeInIndex = 1; lastKnownFileType = text.xcconfig; name = "Pods-VendRoute.debug.xcconfig"; path = "Target Support Files/Pods-VendRoute/Pods-VendRoute.debug.xcconfig"; sourceTree = "<group>"; };
		B9F2C403952B140483E24BDB /* PointOfSaleListViewOutput.swift */ = {isa = PBXFileReference; includeInIndex = 1; lastKnownFileType = sourcecode.swift; path = PointOfSaleListViewOutput.swift; sourceTree = "<group>"; };
		BFF7CF89203DBFC8BE5ADDCA /* RouteMapPresenter.swift */ = {isa = PBXFileReference; includeInIndex = 1; lastKnownFileType = sourcecode.swift; path = RouteMapPresenter.swift; sourceTree = "<group>"; };
		D074A847588386A221945280 /* RouteMapViewOutput.swift */ = {isa = PBXFileReference; includeInIndex = 1; lastKnownFileType = sourcecode.swift; path = RouteMapViewOutput.swift; sourceTree = "<group>"; };
		D8E67D240C9B733528FC3339 /* RouteMapConfigurator.swift */ = {isa = PBXFileReference; includeInIndex = 1; lastKnownFileType = sourcecode.swift; path = RouteMapConfigurator.swift; sourceTree = "<group>"; };
		E21DC2EE07DC2C3192FCA215 /* PointOfSaleViewController.swift */ = {isa = PBXFileReference; includeInIndex = 1; lastKnownFileType = sourcecode.swift; path = PointOfSaleViewController.swift; sourceTree = "<group>"; };
		EEADDEDFDD5BD908AF785E5A /* RouteMapViewController.swift */ = {isa = PBXFileReference; includeInIndex = 1; lastKnownFileType = sourcecode.swift; path = RouteMapViewController.swift; sourceTree = "<group>"; };
		EF0FE77ABF94FA5E13153F1E /* PointOfSalePresenter.swift */ = {isa = PBXFileReference; includeInIndex = 1; lastKnownFileType = sourcecode.swift; path = PointOfSalePresenter.swift; sourceTree = "<group>"; };
		FFB160DCA977C3EA40444422 /* PointOfSaleViewInput.swift */ = {isa = PBXFileReference; includeInIndex = 1; lastKnownFileType = sourcecode.swift; path = PointOfSaleViewInput.swift; sourceTree = "<group>"; };
/* End PBXFileReference section */

/* Begin PBXFrameworksBuildPhase section */
		6CE301D824177ECB0023E5CE /* Frameworks */ = {
			isa = PBXFrameworksBuildPhase;
			buildActionMask = 2147483647;
			files = (
				89378444D6E5D7A7946E5963 /* Pods_VendRoute.framework in Frameworks */,
			);
			runOnlyForDeploymentPostprocessing = 0;
		};
/* End PBXFrameworksBuildPhase section */

/* Begin PBXGroup section */
		1747AD4F30128C25769DBCE6 /* PointOfSale */ = {
			isa = PBXGroup;
			children = (
				54A8CFC9507357D558B2C881 /* View */,
				587651590C11F77A8E0D47AE /* Presenter */,
				5DE23C61849B0477D8CF41AC /* Router */,
				9E8BA7458E94AFE632BFAD90 /* Configurator */,
			);
			path = PointOfSale;
			sourceTree = "<group>";
		};
		17D57DC2AFDB55D287AB1833 /* Presenter */ = {
			isa = PBXGroup;
			children = (
				310C021A49EFFB09A0F2D1F7 /* LoginModuleInput.swift */,
				26DC294211FEED8914F7F6BB /* LoginPresenter.swift */,
			);
			path = Presenter;
			sourceTree = "<group>";
		};
		24B0900557F08A9C03C82C24 /* Configurator */ = {
			isa = PBXGroup;
			children = (
				35635835F713255F85CA39BA /* LoginConfigurator.swift */,
				38D06E78712E33AA8C40B62F /* LoginInitializer.swift */,
			);
			path = Configurator;
			sourceTree = "<group>";
		};
		2557F730F5376D89A6660F85 /* Modules */ = {
			isa = PBXGroup;
			children = (
				6CE301FA2418F7A00023E5CE /* TransitionAdapter.swift */,
				AF4E2C1C34D1512C1B785D74 /* Login */,
				5B179A491B9284D56FF1E7E6 /* PointOfSaleList */,
				1747AD4F30128C25769DBCE6 /* PointOfSale */,
				649491100BFD7D1A93A2366F /* RouteMap */,
			);
			path = Modules;
			sourceTree = "<group>";
		};
		2E1D094C0CC06F42B8D8B3BA /* View */ = {
			isa = PBXGroup;
			children = (
				839E2E5840D837416B26B69F /* RouteMapViewInput.swift */,
				D074A847588386A221945280 /* RouteMapViewOutput.swift */,
				EEADDEDFDD5BD908AF785E5A /* RouteMapViewController.swift */,
				1B5E8EA1F48D877903ED5A3E /* RouteMap.storyboard */,
			);
			path = View;
			sourceTree = "<group>";
		};
		54A8CFC9507357D558B2C881 /* View */ = {
			isa = PBXGroup;
			children = (
				FFB160DCA977C3EA40444422 /* PointOfSaleViewInput.swift */,
				05CAF0C5178CD1AD71CA38AA /* PointOfSaleViewOutput.swift */,
				E21DC2EE07DC2C3192FCA215 /* PointOfSaleViewController.swift */,
				6CFB248724F3D8B500FFCE32 /* PosDetailViewModel.swift */,
				A0DA346988C870C1D43F6700 /* PointOfSale.storyboard */,
			);
			path = View;
			sourceTree = "<group>";
		};
		587651590C11F77A8E0D47AE /* Presenter */ = {
			isa = PBXGroup;
			children = (
				9D7F29DD7968DCC417C7AFF0 /* PointOfSaleModuleInput.swift */,
				EF0FE77ABF94FA5E13153F1E /* PointOfSalePresenter.swift */,
			);
			path = Presenter;
			sourceTree = "<group>";
		};
		5B179A491B9284D56FF1E7E6 /* PointOfSaleList */ = {
			isa = PBXGroup;
			children = (
				8BBEE43926F4D3EEC0894C7A /* View */,
				70220A881685CE9EF2D58D0B /* Presenter */,
				E4BE01D4F120ADE2A53C26A6 /* Router */,
				C0A3888B5C70501C5B935E15 /* Configurator */,
			);
			path = PointOfSaleList;
			sourceTree = "<group>";
		};
		5DE23C61849B0477D8CF41AC /* Router */ = {
			isa = PBXGroup;
			children = (
				5EA3B7C65E15B9BDC0462E0A /* PointOfSaleRouter.swift */,
				53A92A2881D65290F5DFDDC0 /* PointOfSaleRouterImpl.swift */,
			);
			path = Router;
			sourceTree = "<group>";
		};
		6432F5782F4024795916BB08 /* View */ = {
			isa = PBXGroup;
			children = (
				624DEBEEF0C9F60F950B08F2 /* LoginViewInput.swift */,
				4CDE6C03E3BA0C6689676387 /* LoginViewOutput.swift */,
				062D9CED5F114F728238E5BE /* LoginViewController.swift */,
				0A6E807B7B18F0EE7A490D2E /* Login.storyboard */,
			);
			path = View;
			sourceTree = "<group>";
		};
		649491100BFD7D1A93A2366F /* RouteMap */ = {
			isa = PBXGroup;
			children = (
				2E1D094C0CC06F42B8D8B3BA /* View */,
				B7E3C2D486A8088639513D4A /* Presenter */,
				AB6CD711855874F5B493D4F2 /* Router */,
				8669728C4B027941BBCEC630 /* Configurator */,
			);
			path = RouteMap;
			sourceTree = "<group>";
		};
		6C42C34724E314A60091A9FE /* Data */ = {
			isa = PBXGroup;
			children = (
			);
			path = Data;
			sourceTree = "<group>";
		};
		6C42C34B24E319550091A9FE /* VisitProvider */ = {
			isa = PBXGroup;
			children = (
			);
			path = VisitProvider;
			sourceTree = "<group>";
		};
		6C42C34C24E319AE0091A9FE /* ProductDAO */ = {
			isa = PBXGroup;
			children = (
				6C42C35324E31C9F0091A9FE /* ProductDao.swift */,
				6C0FDA0224E92BB50081AE3D /* ProductDaoImpl.swift */,
			);
			path = ProductDAO;
			sourceTree = "<group>";
		};
		6C42C34D24E319C60091A9FE /* VisitDAO */ = {
			isa = PBXGroup;
			children = (
				6C42C35124E31AA10091A9FE /* VisitDao.swift */,
				6C0FDA0A24E992AE0081AE3D /* VisitDaoImpl.swift */,
			);
			path = VisitDAO;
			sourceTree = "<group>";
		};
		6C42C34E24E319DC0091A9FE /* POSDAO */ = {
			isa = PBXGroup;
			children = (
				6C42C34F24E31A030091A9FE /* PosDao.swift */,
				6C0FDA0824E976BB0081AE3D /* PosDaoImpl.swift */,
			);
			path = POSDAO;
			sourceTree = "<group>";
		};
		6C62F9FA24CFF7B6003CEAEB /* ApplicationSettings */ = {
			isa = PBXGroup;
			children = (
				6C62F9FB24CFF7D9003CEAEB /* AppSettings.swift */,
			);
			path = ApplicationSettings;
			sourceTree = "<group>";
		};
		6C62F9FF24CFFA40003CEAEB /* DL */ = {
			isa = PBXGroup;
			children = (
				6C0FDA0424E92CFA0081AE3D /* CoraDataManager.swift */,
				6C0FDA0C24E999A30081AE3D /* CoraMapper.swift */,
				6C42C34E24E319DC0091A9FE /* POSDAO */,
				6C42C34D24E319C60091A9FE /* VisitDAO */,
				6C42C34C24E319AE0091A9FE /* ProductDAO */,
				6C62F9FA24CFF7B6003CEAEB /* ApplicationSettings */,
			);
			path = DL;
			sourceTree = "<group>";
		};
		6C62FA0524D1B679003CEAEB /* BusinessEntity */ = {
			isa = PBXGroup;
			children = (
				6C62FA0624D1B694003CEAEB /* Adress.swift */,
				6C62FA0824D1B772003CEAEB /* Visit.swift */,
				6C62FA0A24D1B7C8003CEAEB /* Product.swift */,
				6C62FA0C24D1B83F003CEAEB /* Measure.swift */,
				6C62FA0E24D1BAD3003CEAEB /* PointOfSale.swift */,
			);
			path = BusinessEntity;
			sourceTree = "<group>";
		};
		6CE301D224177ECB0023E5CE = {
			isa = PBXGroup;
			children = (
				6CE301DD24177ECB0023E5CE /* VendRoute */,
				6CE301DC24177ECB0023E5CE /* Products */,
				956CC322F92858E325A28DB7 /* Pods */,
				F4002AA80C039F30CEFA2E78 /* Frameworks */,
			);
			sourceTree = "<group>";
		};
		6CE301DC24177ECB0023E5CE /* Products */ = {
			isa = PBXGroup;
			children = (
				6CE301DB24177ECB0023E5CE /* VendRoute.app */,
			);
			name = Products;
			sourceTree = "<group>";
		};
		6CE301DD24177ECB0023E5CE /* VendRoute */ = {
			isa = PBXGroup;
			children = (
				6CE301DE24177ECB0023E5CE /* AppDelegate.swift */,
				6C62F9FF24CFFA40003CEAEB /* DL */,
				6CE301F92418CD630023E5CE /* Domain */,
				2557F730F5376D89A6660F85 /* Modules */,
				6CE301F22417D1510023E5CE /* Assemblies */,
				6CE301E224177ECB0023E5CE /* ViewController.swift */,
				6CFB248224F3D0EF00FFCE32 /* UI */,
				6C62FA0524D1B679003CEAEB /* BusinessEntity */,
				6CE301E424177ECB0023E5CE /* Main.storyboard */,
				6C42C34724E314A60091A9FE /* Data */,
				6CE301E724177ECF0023E5CE /* Assets.xcassets */,
				6C42C34824E314DF0091A9FE /* VendRoute.xcdatamodeld */,
				6CE301E924177ECF0023E5CE /* LaunchScreen.storyboard */,
				6CE301EC24177ECF0023E5CE /* Info.plist */,
			);
			path = VendRoute;
			sourceTree = "<group>";
		};
		6CE301F22417D1510023E5CE /* Assemblies */ = {
			isa = PBXGroup;
			children = (
				6CE301F32417D19C0023E5CE /* Container.swift */,
				6C62F9FD24CFFA08003CEAEB /* DataAsm.swift */,
				6C62FA0024CFFA57003CEAEB /* DataAsmProd.swift */,
				6CE301F52417D8D10023E5CE /* PresentationAsm.swift */,
				6CE301F72417D9EF0023E5CE /* PresentationAsmProd.swift */,
			);
			path = Assemblies;
			sourceTree = "<group>";
		};
		6CE301F92418CD630023E5CE /* Domain */ = {
			isa = PBXGroup;
			children = (
				6C42C34B24E319550091A9FE /* VisitProvider */,
			);
			path = Domain;
			sourceTree = "<group>";
		};
		6CFB248224F3D0EF00FFCE32 /* UI */ = {
			isa = PBXGroup;
			children = (
				6CFB248324F3D19700FFCE32 /* UnderlinedTextField.swift */,
				6CFB248524F3D1A800FFCE32 /* CheckBox.swift */,
			);
			path = UI;
			sourceTree = "<group>";
		};
		70220A881685CE9EF2D58D0B /* Presenter */ = {
			isa = PBXGroup;
			children = (
				712CEFB3942971B406B37957 /* PointOfSaleListModuleInput.swift */,
				1EA040564EF4C090D902B3E2 /* PointOfSaleListPresenter.swift */,
			);
			path = Presenter;
			sourceTree = "<group>";
		};
		8669728C4B027941BBCEC630 /* Configurator */ = {
			isa = PBXGroup;
			children = (
				D8E67D240C9B733528FC3339 /* RouteMapConfigurator.swift */,
				8DAEFE17ED6BC77608DB9248 /* RouteMapInitializer.swift */,
			);
			path = Configurator;
			sourceTree = "<group>";
		};
		8BBEE43926F4D3EEC0894C7A /* View */ = {
			isa = PBXGroup;
			children = (
				46D9C8273D07667EC1640884 /* PointOfSaleListViewInput.swift */,
				B9F2C403952B140483E24BDB /* PointOfSaleListViewOutput.swift */,
				3AE10C3BA31AFE8C01B00416 /* PointOfSaleListViewController.swift */,
				5C1FFAA4196672AC14146C28 /* PointOfSaleList.storyboard */,
				6C42C34324E149F40091A9FE /* PointOfSaleCell.swift */,
				6C42C34524E14E8F0091A9FE /* POSViewModel.swift */,
			);
			path = View;
			sourceTree = "<group>";
		};
		956CC322F92858E325A28DB7 /* Pods */ = {
			isa = PBXGroup;
			children = (
				AF19D589EF95AF71EA017A9E /* Pods-VendRoute.debug.xcconfig */,
				4E6B2ADFAA2BD7B2516E92D1 /* Pods-VendRoute.release.xcconfig */,
			);
			path = Pods;
			sourceTree = "<group>";
		};
		9E8BA7458E94AFE632BFAD90 /* Configurator */ = {
			isa = PBXGroup;
			children = (
				3C1CF860B186A8DDFDCAEE7F /* PointOfSaleConfigurator.swift */,
				78EE64B5E538F979E85418FA /* PointOfSaleInitializer.swift */,
			);
			path = Configurator;
			sourceTree = "<group>";
		};
		AB6CD711855874F5B493D4F2 /* Router */ = {
			isa = PBXGroup;
			children = (
				84F45201E1480B4CC02F5D2D /* RouteMapRouter.swift */,
				A1AEC5D99F8137321C20898F /* RouteMapRouterImpl.swift */,
			);
			path = Router;
			sourceTree = "<group>";
		};
		AF4E2C1C34D1512C1B785D74 /* Login */ = {
			isa = PBXGroup;
			children = (
				6432F5782F4024795916BB08 /* View */,
				17D57DC2AFDB55D287AB1833 /* Presenter */,
				B15231D3692921E1CAF03CDD /* Router */,
				24B0900557F08A9C03C82C24 /* Configurator */,
			);
			path = Login;
			sourceTree = "<group>";
		};
		B15231D3692921E1CAF03CDD /* Router */ = {
			isa = PBXGroup;
			children = (
				346F7D4CDA427EEF412DA4DA /* LoginRouter.swift */,
				2406C4969FC53282675837F2 /* LoginRouterImpl.swift */,
			);
			path = Router;
			sourceTree = "<group>";
		};
		B7E3C2D486A8088639513D4A /* Presenter */ = {
			isa = PBXGroup;
			children = (
				38C3CAB5197F2CB671A53678 /* RouteMapModuleInput.swift */,
				BFF7CF89203DBFC8BE5ADDCA /* RouteMapPresenter.swift */,
			);
			path = Presenter;
			sourceTree = "<group>";
		};
		C0A3888B5C70501C5B935E15 /* Configurator */ = {
			isa = PBXGroup;
			children = (
				8FCA09B6E4FBBB57BA2DB2CE /* PointOfSaleListConfigurator.swift */,
				3466165B88704474C3B42443 /* PointOfSaleListInitializer.swift */,
			);
			path = Configurator;
			sourceTree = "<group>";
		};
		E4BE01D4F120ADE2A53C26A6 /* Router */ = {
			isa = PBXGroup;
			children = (
				5CB2F84C87E6C4F87535975B /* PointOfSaleListRouter.swift */,
				A788B5FAEDA120FEE8906A84 /* PointOfSaleListRouterImpl.swift */,
			);
			path = Router;
			sourceTree = "<group>";
		};
		F4002AA80C039F30CEFA2E78 /* Frameworks */ = {
			isa = PBXGroup;
			children = (
				49BD1F8770A458D898DD3409 /* Pods_VendRoute.framework */,
			);
			name = Frameworks;
			sourceTree = "<group>";
		};
/* End PBXGroup section */

/* Begin PBXNativeTarget section */
		6CE301DA24177ECB0023E5CE /* VendRoute */ = {
			isa = PBXNativeTarget;
			buildConfigurationList = 6CE301EF24177ECF0023E5CE /* Build configuration list for PBXNativeTarget "VendRoute" */;
			buildPhases = (
				E8FC716F8993542DCB8D5059 /* [CP] Check Pods Manifest.lock */,
				6CE301D724177ECB0023E5CE /* Sources */,
				6CE301D824177ECB0023E5CE /* Frameworks */,
				6CE301D924177ECB0023E5CE /* Resources */,
				AE4D818CE94177A27D9F0B46 /* [CP] Embed Pods Frameworks */,
			);
			buildRules = (
			);
			dependencies = (
			);
			name = VendRoute;
			productName = VendRoute;
			productReference = 6CE301DB24177ECB0023E5CE /* VendRoute.app */;
			productType = "com.apple.product-type.application";
		};
/* End PBXNativeTarget section */

/* Begin PBXProject section */
		6CE301D324177ECB0023E5CE /* Project object */ = {
			isa = PBXProject;
			attributes = {
				LastSwiftUpdateCheck = 1130;
				LastUpgradeCheck = 1130;
				ORGANIZATIONNAME = "Vasili Orlov";
				TargetAttributes = {
					6CE301DA24177ECB0023E5CE = {
						CreatedOnToolsVersion = 11.3.1;
					};
				};
			};
			buildConfigurationList = 6CE301D624177ECB0023E5CE /* Build configuration list for PBXProject "VendRoute" */;
			compatibilityVersion = "Xcode 9.3";
			developmentRegion = en;
			hasScannedForEncodings = 0;
			knownRegions = (
				en,
				Base,
			);
			mainGroup = 6CE301D224177ECB0023E5CE;
			productRefGroup = 6CE301DC24177ECB0023E5CE /* Products */;
			projectDirPath = "";
			projectRoot = "";
			targets = (
				6CE301DA24177ECB0023E5CE /* VendRoute */,
			);
		};
/* End PBXProject section */

/* Begin PBXResourcesBuildPhase section */
		6CE301D924177ECB0023E5CE /* Resources */ = {
			isa = PBXResourcesBuildPhase;
			buildActionMask = 2147483647;
			files = (
				6CE301EB24177ECF0023E5CE /* LaunchScreen.storyboard in Resources */,
				6CE301E824177ECF0023E5CE /* Assets.xcassets in Resources */,
				6CE301E624177ECB0023E5CE /* Main.storyboard in Resources */,
				98FA95E80816523AE1B9C7C8 /* Login.storyboard in Resources */,
				DE813A382E2C53C9D5438CE1 /* PointOfSaleList.storyboard in Resources */,
				A944476B3D023B25CF776E38 /* PointOfSale.storyboard in Resources */,
				B521B4C4A3CF4BFE3D54D6F8 /* RouteMap.storyboard in Resources */,
			);
			runOnlyForDeploymentPostprocessing = 0;
		};
/* End PBXResourcesBuildPhase section */

/* Begin PBXShellScriptBuildPhase section */
		AE4D818CE94177A27D9F0B46 /* [CP] Embed Pods Frameworks */ = {
			isa = PBXShellScriptBuildPhase;
			buildActionMask = 2147483647;
			files = (
			);
			inputFileListPaths = (
				"${PODS_ROOT}/Target Support Files/Pods-VendRoute/Pods-VendRoute-frameworks-${CONFIGURATION}-input-files.xcfilelist",
			);
			name = "[CP] Embed Pods Frameworks";
			outputFileListPaths = (
				"${PODS_ROOT}/Target Support Files/Pods-VendRoute/Pods-VendRoute-frameworks-${CONFIGURATION}-output-files.xcfilelist",
			);
			runOnlyForDeploymentPostprocessing = 0;
			shellPath = /bin/sh;
			shellScript = "\"${PODS_ROOT}/Target Support Files/Pods-VendRoute/Pods-VendRoute-frameworks.sh\"\n";
			showEnvVarsInLog = 0;
		};
		E8FC716F8993542DCB8D5059 /* [CP] Check Pods Manifest.lock */ = {
			isa = PBXShellScriptBuildPhase;
			buildActionMask = 2147483647;
			files = (
			);
			inputFileListPaths = (
			);
			inputPaths = (
				"${PODS_PODFILE_DIR_PATH}/Podfile.lock",
				"${PODS_ROOT}/Manifest.lock",
			);
			name = "[CP] Check Pods Manifest.lock";
			outputFileListPaths = (
			);
			outputPaths = (
				"$(DERIVED_FILE_DIR)/Pods-VendRoute-checkManifestLockResult.txt",
			);
			runOnlyForDeploymentPostprocessing = 0;
			shellPath = /bin/sh;
			shellScript = "diff \"${PODS_PODFILE_DIR_PATH}/Podfile.lock\" \"${PODS_ROOT}/Manifest.lock\" > /dev/null\nif [ $? != 0 ] ; then\n    # print error to STDERR\n    echo \"error: The sandbox is not in sync with the Podfile.lock. Run 'pod install' or update your CocoaPods installation.\" >&2\n    exit 1\nfi\n# This output is used by Xcode 'outputs' to avoid re-running this script phase.\necho \"SUCCESS\" > \"${SCRIPT_OUTPUT_FILE_0}\"\n";
			showEnvVarsInLog = 0;
		};
/* End PBXShellScriptBuildPhase section */

/* Begin PBXSourcesBuildPhase section */
		6CE301D724177ECB0023E5CE /* Sources */ = {
			isa = PBXSourcesBuildPhase;
			buildActionMask = 2147483647;
			files = (
				6CE301F62417D8D10023E5CE /* PresentationAsm.swift in Sources */,
				6CE301E324177ECB0023E5CE /* ViewController.swift in Sources */,
				6CE301F42417D19C0023E5CE /* Container.swift in Sources */,
				6C42C34624E14E8F0091A9FE /* POSViewModel.swift in Sources */,
				6CFB248824F3D8B500FFCE32 /* PosDetailViewModel.swift in Sources */,
				6CE301DF24177ECB0023E5CE /* AppDelegate.swift in Sources */,
				6CE301F82417D9EF0023E5CE /* PresentationAsmProd.swift in Sources */,
				53A08655B1DB261C7B5FB4F7 /* LoginViewInput.swift in Sources */,
				6CFB248424F3D19700FFCE32 /* UnderlinedTextField.swift in Sources */,
				6C62FA0124CFFA57003CEAEB /* DataAsmProd.swift in Sources */,
				6C42C35424E31C9F0091A9FE /* ProductDao.swift in Sources */,
				6C42C34424E149F40091A9FE /* PointOfSaleCell.swift in Sources */,
				C4501C962D25F5286F33FB8F /* LoginViewOutput.swift in Sources */,
				03205480209BACD7A8D52AD9 /* LoginViewController.swift in Sources */,
				D97EB03A18B0CCD7E447B799 /* LoginModuleInput.swift in Sources */,
				7619287419F075B180D8B498 /* LoginPresenter.swift in Sources */,
				2881DD6FA0E74F4684F2EAD4 /* LoginRouter.swift in Sources */,
				6C62F9FE24CFFA08003CEAEB /* DataAsm.swift in Sources */,
				6B667B579533537532C55536 /* LoginRouterImpl.swift in Sources */,
				3203BEB7212B813B2F36A45E /* LoginConfigurator.swift in Sources */,
				A0BDD9553C45C340FF136455 /* LoginInitializer.swift in Sources */,
				6C0FDA0D24E999A30081AE3D /* CoraMapper.swift in Sources */,
				D672A8DF36AA6992E27F35C3 /* PointOfSaleListViewInput.swift in Sources */,
				6C0FDA0524E92CFA0081AE3D /* CoraDataManager.swift in Sources */,
				63461D44DA2DFD716A769280 /* PointOfSaleListViewOutput.swift in Sources */,
				5F419B476F4813978E6511D0 /* PointOfSaleListViewController.swift in Sources */,
				A10D2BBE1587B7B9F93D8AD6 /* PointOfSaleListModuleInput.swift in Sources */,
				56C9A0AC39B0BDB620272B9C /* PointOfSaleListPresenter.swift in Sources */,
				96A0521CE3C27D2B3129F774 /* PointOfSaleListRouter.swift in Sources */,
				3318A9CACF47D330F94DC030 /* PointOfSaleListRouterImpl.swift in Sources */,
				28F7447AB1225D94B3CB5933 /* PointOfSaleListConfigurator.swift in Sources */,
				25AF5C89D5E8377543CD67C8 /* PointOfSaleListInitializer.swift in Sources */,
				F00101E31263F80B810CC9BA /* PointOfSaleViewInput.swift in Sources */,
				E07BCAA94E08221D5024ECFA /* PointOfSaleViewOutput.swift in Sources */,
				3D974D4D72765D4ED5C79349 /* PointOfSaleViewController.swift in Sources */,
				6C62FA0F24D1BAD3003CEAEB /* PointOfSale.swift in Sources */,
				B9056CCEEBB67306D12B262D /* PointOfSaleModuleInput.swift in Sources */,
				6C62FA0724D1B694003CEAEB /* Adress.swift in Sources */,
				2884DBA8D4A7D30E24F95D74 /* PointOfSalePresenter.swift in Sources */,
				6CFB248624F3D1A800FFCE32 /* CheckBox.swift in Sources */,
				C8B379C3BB776F12DBB211E5 /* PointOfSaleRouter.swift in Sources */,
				6C62FA0D24D1B83F003CEAEB /* Measure.swift in Sources */,
				96B25068241417E994C4FB13 /* PointOfSaleRouterImpl.swift in Sources */,
				18B8872CA0B0BBB90C7840FC /* PointOfSaleConfigurator.swift in Sources */,
				6C0FDA0324E92BB50081AE3D /* ProductDaoImpl.swift in Sources */,
				6CE301FB2418F7A00023E5CE /* TransitionAdapter.swift in Sources */,
				6C0FDA0B24E992AE0081AE3D /* VisitDaoImpl.swift in Sources */,
				6C42C34A24E314DF0091A9FE /* VendRoute.xcdatamodeld in Sources */,
				AF0D1DD96AF33AE1B24F3F82 /* PointOfSaleInitializer.swift in Sources */,
				4FECDADB94A712FD5BAC9826 /* RouteMapViewInput.swift in Sources */,
				F36DEE2E83C62249F4B6980F /* RouteMapViewOutput.swift in Sources */,
				0C394EE8711769E9C7C90936 /* RouteMapViewController.swift in Sources */,
				56CB5F771E1B068B9DA9045D /* RouteMapModuleInput.swift in Sources */,
				6C0FDA0924E976BB0081AE3D /* PosDaoImpl.swift in Sources */,
				9FD06A4BBF01007165A9BF70 /* RouteMapPresenter.swift in Sources */,
				6C42C35224E31AA10091A9FE /* VisitDao.swift in Sources */,
				6C62FA0B24D1B7C8003CEAEB /* Product.swift in Sources */,
				4D312427AD681123FBBBE294 /* RouteMapRouter.swift in Sources */,
				6C62F9FC24CFF7D9003CEAEB /* AppSettings.swift in Sources */,
				6C42C35024E31A030091A9FE /* PosDao.swift in Sources */,
				2414A71922BCBF706AB29A45 /* RouteMapRouterImpl.swift in Sources */,
				7ABE07E446755B11CAFD098F /* RouteMapConfigurator.swift in Sources */,
				ABA9111F3DE7906669D19DA1 /* RouteMapInitializer.swift in Sources */,
				6C62FA0924D1B772003CEAEB /* Visit.swift in Sources */,
			);
			runOnlyForDeploymentPostprocessing = 0;
		};
/* End PBXSourcesBuildPhase section */

/* Begin PBXVariantGroup section */
		6CE301E424177ECB0023E5CE /* Main.storyboard */ = {
			isa = PBXVariantGroup;
			children = (
				6CE301E524177ECB0023E5CE /* Base */,
			);
			name = Main.storyboard;
			sourceTree = "<group>";
		};
		6CE301E924177ECF0023E5CE /* LaunchScreen.storyboard */ = {
			isa = PBXVariantGroup;
			children = (
				6CE301EA24177ECF0023E5CE /* Base */,
			);
			name = LaunchScreen.storyboard;
			sourceTree = "<group>";
		};
/* End PBXVariantGroup section */

/* Begin XCBuildConfiguration section */
		6CE301ED24177ECF0023E5CE /* Debug */ = {
			isa = XCBuildConfiguration;
			buildSettings = {
				ALWAYS_SEARCH_USER_PATHS = NO;
				CLANG_ANALYZER_NONNULL = YES;
				CLANG_ANALYZER_NUMBER_OBJECT_CONVERSION = YES_AGGRESSIVE;
				CLANG_CXX_LANGUAGE_STANDARD = "gnu++14";
				CLANG_CXX_LIBRARY = "libc++";
				CLANG_ENABLE_MODULES = YES;
				CLANG_ENABLE_OBJC_ARC = YES;
				CLANG_ENABLE_OBJC_WEAK = YES;
				CLANG_WARN_BLOCK_CAPTURE_AUTORELEASING = YES;
				CLANG_WARN_BOOL_CONVERSION = YES;
				CLANG_WARN_COMMA = YES;
				CLANG_WARN_CONSTANT_CONVERSION = YES;
				CLANG_WARN_DEPRECATED_OBJC_IMPLEMENTATIONS = YES;
				CLANG_WARN_DIRECT_OBJC_ISA_USAGE = YES_ERROR;
				CLANG_WARN_DOCUMENTATION_COMMENTS = YES;
				CLANG_WARN_EMPTY_BODY = YES;
				CLANG_WARN_ENUM_CONVERSION = YES;
				CLANG_WARN_INFINITE_RECURSION = YES;
				CLANG_WARN_INT_CONVERSION = YES;
				CLANG_WARN_NON_LITERAL_NULL_CONVERSION = YES;
				CLANG_WARN_OBJC_IMPLICIT_RETAIN_SELF = YES;
				CLANG_WARN_OBJC_LITERAL_CONVERSION = YES;
				CLANG_WARN_OBJC_ROOT_CLASS = YES_ERROR;
				CLANG_WARN_RANGE_LOOP_ANALYSIS = YES;
				CLANG_WARN_STRICT_PROTOTYPES = YES;
				CLANG_WARN_SUSPICIOUS_MOVE = YES;
				CLANG_WARN_UNGUARDED_AVAILABILITY = YES_AGGRESSIVE;
				CLANG_WARN_UNREACHABLE_CODE = YES;
				CLANG_WARN__DUPLICATE_METHOD_MATCH = YES;
				COPY_PHASE_STRIP = NO;
				DEBUG_INFORMATION_FORMAT = dwarf;
				ENABLE_STRICT_OBJC_MSGSEND = YES;
				ENABLE_TESTABILITY = YES;
				GCC_C_LANGUAGE_STANDARD = gnu11;
				GCC_DYNAMIC_NO_PIC = NO;
				GCC_NO_COMMON_BLOCKS = YES;
				GCC_OPTIMIZATION_LEVEL = 0;
				GCC_PREPROCESSOR_DEFINITIONS = (
					"DEBUG=1",
					"$(inherited)",
				);
				GCC_WARN_64_TO_32_BIT_CONVERSION = YES;
				GCC_WARN_ABOUT_RETURN_TYPE = YES_ERROR;
				GCC_WARN_UNDECLARED_SELECTOR = YES;
				GCC_WARN_UNINITIALIZED_AUTOS = YES_AGGRESSIVE;
				GCC_WARN_UNUSED_FUNCTION = YES;
				GCC_WARN_UNUSED_VARIABLE = YES;
				IPHONEOS_DEPLOYMENT_TARGET = 13.2;
				MTL_ENABLE_DEBUG_INFO = INCLUDE_SOURCE;
				MTL_FAST_MATH = YES;
				ONLY_ACTIVE_ARCH = YES;
				SDKROOT = iphoneos;
				SWIFT_ACTIVE_COMPILATION_CONDITIONS = DEBUG;
				SWIFT_OPTIMIZATION_LEVEL = "-Onone";
			};
			name = Debug;
		};
		6CE301EE24177ECF0023E5CE /* Release */ = {
			isa = XCBuildConfiguration;
			buildSettings = {
				ALWAYS_SEARCH_USER_PATHS = NO;
				CLANG_ANALYZER_NONNULL = YES;
				CLANG_ANALYZER_NUMBER_OBJECT_CONVERSION = YES_AGGRESSIVE;
				CLANG_CXX_LANGUAGE_STANDARD = "gnu++14";
				CLANG_CXX_LIBRARY = "libc++";
				CLANG_ENABLE_MODULES = YES;
				CLANG_ENABLE_OBJC_ARC = YES;
				CLANG_ENABLE_OBJC_WEAK = YES;
				CLANG_WARN_BLOCK_CAPTURE_AUTORELEASING = YES;
				CLANG_WARN_BOOL_CONVERSION = YES;
				CLANG_WARN_COMMA = YES;
				CLANG_WARN_CONSTANT_CONVERSION = YES;
				CLANG_WARN_DEPRECATED_OBJC_IMPLEMENTATIONS = YES;
				CLANG_WARN_DIRECT_OBJC_ISA_USAGE = YES_ERROR;
				CLANG_WARN_DOCUMENTATION_COMMENTS = YES;
				CLANG_WARN_EMPTY_BODY = YES;
				CLANG_WARN_ENUM_CONVERSION = YES;
				CLANG_WARN_INFINITE_RECURSION = YES;
				CLANG_WARN_INT_CONVERSION = YES;
				CLANG_WARN_NON_LITERAL_NULL_CONVERSION = YES;
				CLANG_WARN_OBJC_IMPLICIT_RETAIN_SELF = YES;
				CLANG_WARN_OBJC_LITERAL_CONVERSION = YES;
				CLANG_WARN_OBJC_ROOT_CLASS = YES_ERROR;
				CLANG_WARN_RANGE_LOOP_ANALYSIS = YES;
				CLANG_WARN_STRICT_PROTOTYPES = YES;
				CLANG_WARN_SUSPICIOUS_MOVE = YES;
				CLANG_WARN_UNGUARDED_AVAILABILITY = YES_AGGRESSIVE;
				CLANG_WARN_UNREACHABLE_CODE = YES;
				CLANG_WARN__DUPLICATE_METHOD_MATCH = YES;
				COPY_PHASE_STRIP = NO;
				DEBUG_INFORMATION_FORMAT = "dwarf-with-dsym";
				ENABLE_NS_ASSERTIONS = NO;
				ENABLE_STRICT_OBJC_MSGSEND = YES;
				GCC_C_LANGUAGE_STANDARD = gnu11;
				GCC_NO_COMMON_BLOCKS = YES;
				GCC_WARN_64_TO_32_BIT_CONVERSION = YES;
				GCC_WARN_ABOUT_RETURN_TYPE = YES_ERROR;
				GCC_WARN_UNDECLARED_SELECTOR = YES;
				GCC_WARN_UNINITIALIZED_AUTOS = YES_AGGRESSIVE;
				GCC_WARN_UNUSED_FUNCTION = YES;
				GCC_WARN_UNUSED_VARIABLE = YES;
				IPHONEOS_DEPLOYMENT_TARGET = 13.2;
				MTL_ENABLE_DEBUG_INFO = NO;
				MTL_FAST_MATH = YES;
				SDKROOT = iphoneos;
				SWIFT_COMPILATION_MODE = wholemodule;
				SWIFT_OPTIMIZATION_LEVEL = "-O";
				VALIDATE_PRODUCT = YES;
			};
			name = Release;
		};
		6CE301F024177ECF0023E5CE /* Debug */ = {
			isa = XCBuildConfiguration;
			baseConfigurationReference = AF19D589EF95AF71EA017A9E /* Pods-VendRoute.debug.xcconfig */;
			buildSettings = {
				ASSETCATALOG_COMPILER_APPICON_NAME = AppIcon;
				CODE_SIGN_STYLE = Automatic;
				DEVELOPMENT_TEAM = 66FXUD76DR;
				INFOPLIST_FILE = VendRoute/Info.plist;
				LD_RUNPATH_SEARCH_PATHS = (
					"$(inherited)",
					"@executable_path/Frameworks",
				);
				PRODUCT_BUNDLE_IDENTIFIER = by.bntu.fitr.2020.vasilij.orlov.vendroute.VendRoute;
				PRODUCT_NAME = "$(TARGET_NAME)";
				SWIFT_VERSION = 5.0;
				TARGETED_DEVICE_FAMILY = "1,2";
			};
			name = Debug;
		};
		6CE301F124177ECF0023E5CE /* Release */ = {
			isa = XCBuildConfiguration;
			baseConfigurationReference = 4E6B2ADFAA2BD7B2516E92D1 /* Pods-VendRoute.release.xcconfig */;
			buildSettings = {
				ASSETCATALOG_COMPILER_APPICON_NAME = AppIcon;
				CODE_SIGN_STYLE = Automatic;
				DEVELOPMENT_TEAM = 66FXUD76DR;
				INFOPLIST_FILE = VendRoute/Info.plist;
				LD_RUNPATH_SEARCH_PATHS = (
					"$(inherited)",
					"@executable_path/Frameworks",
				);
				PRODUCT_BUNDLE_IDENTIFIER = by.bntu.fitr.2020.vasilij.orlov.vendroute.VendRoute;
				PRODUCT_NAME = "$(TARGET_NAME)";
				SWIFT_VERSION = 5.0;
				TARGETED_DEVICE_FAMILY = "1,2";
			};
			name = Release;
		};
/* End XCBuildConfiguration section */

/* Begin XCConfigurationList section */
		6CE301D624177ECB0023E5CE /* Build configuration list for PBXProject "VendRoute" */ = {
			isa = XCConfigurationList;
			buildConfigurations = (
				6CE301ED24177ECF0023E5CE /* Debug */,
				6CE301EE24177ECF0023E5CE /* Release */,
			);
			defaultConfigurationIsVisible = 0;
			defaultConfigurationName = Release;
		};
		6CE301EF24177ECF0023E5CE /* Build configuration list for PBXNativeTarget "VendRoute" */ = {
			isa = XCConfigurationList;
			buildConfigurations = (
				6CE301F024177ECF0023E5CE /* Debug */,
				6CE301F124177ECF0023E5CE /* Release */,
			);
			defaultConfigurationIsVisible = 0;
			defaultConfigurationName = Release;
		};
/* End XCConfigurationList section */

/* Begin XCVersionGroup section */
		6C42C34824E314DF0091A9FE /* VendRoute.xcdatamodeld */ = {
			isa = XCVersionGroup;
			children = (
				6C42C34924E314DF0091A9FE /* VendRoute.xcdatamodel */,
			);
			currentVersion = 6C42C34924E314DF0091A9FE /* VendRoute.xcdatamodel */;
			path = VendRoute.xcdatamodeld;
			sourceTree = "<group>";
			versionGroupType = wrapper.xcdatamodel;
		};
/* End XCVersionGroup section */
	};
	rootObject = 6CE301D324177ECB0023E5CE /* Project object */;
}
